
Microsoft Visual Studio Solution File, Format Version 12.00
# Visual Studio 15
VisualStudioVersion = 15.0.27130.2003
MinimumVisualStudioVersion = 10.0.40219.1
Project("{FAE04EC0-301F-11D3-BF4B-00C04F79EFBC}") = "MonteCarloSimulator", "MonteCarloSimulator\MonteCarloSimulator.csproj", "{D2241D47-B5E9-4220-81B9-989C7E5C2D39}"
EndProject
Global
	GlobalSection(Performance) = preSolution
		HasPerformanceSessions = true
	EndGlobalSection
	GlobalSection(SolutionConfigurationPlatforms) = preSolution
		Debug|Any CPU = Debug|Any CPU
		Release|Any CPU = Release|Any CPU
	EndGlobalSection
	GlobalSection(ProjectConfigurationPlatforms) = postSolution
		{D2241D47-B5E9-4220-81B9-989C7E5C2D39}.Debug|Any CPU.ActiveCfg = Debug|Any CPU
		{D2241D47-B5E9-4220-81B9-989C7E5C2D39}.Debug|Any CPU.Build.0 = Debug|Any CPU
		{D2241D47-B5E9-4220-81B9-989C7E5C2D39}.Release|Any CPU.ActiveCfg = Release|Any CPU
		{D2241D47-B5E9-4220-81B9-989C7E5C2D39}.Release|Any CPU.Build.0 = Release|Any CPU
	EndGlobalSection
	GlobalSection(SolutionProperties) = preSolution
		HideSolutionNode = FALSE
	EndGlobalSection
	GlobalSection(ExtensibilityGlobals) = postSolution
		SolutionGuid = {54AB8BC5-7565-46BA-948C-CCF5BB0A27CF}
	EndGlobalSection
EndGlobal
